
Microsoft Visual Studio Solution File, Format Version 12.00
# Visual Studio 15
VisualStudioVersion = 15.0.28307.168
MinimumVisualStudioVersion = 10.0.40219.1
Project("{FAE04EC0-301F-11D3-BF4B-00C04F79EFBC}") = "lab3CSharp", "lab3CSharp\lab3CSharp.csproj", "{F84F8B3E-6314-472E-9CD6-6DC04FB70B87}"
EndProject
Project("{FAE04EC0-301F-11D3-BF4B-00C04F79EFBC}") = "ConnectionUtils", "ConnectionUtils\ConnectionUtils.csproj", "{1A86B760-82A4-40E3-84E9-C902C09C77FE}"
EndProject
Global
	GlobalSection(SolutionConfigurationPlatforms) = preSolution
		Debug|Any CPU = Debug|Any CPU
		Release|Any CPU = Release|Any CPU
	EndGlobalSection
	GlobalSection(ProjectConfigurationPlatforms) = postSolution
		{F84F8B3E-6314-472E-9CD6-6DC04FB70B87}.Debug|Any CPU.ActiveCfg = Debug|Any CPU
		{F84F8B3E-6314-472E-9CD6-6DC04FB70B87}.Debug|Any CPU.Build.0 = Debug|Any CPU
		{F84F8B3E-6314-472E-9CD6-6DC04FB70B87}.Release|Any CPU.ActiveCfg = Release|Any CPU
		{F84F8B3E-6314-472E-9CD6-6DC04FB70B87}.Release|Any CPU.Build.0 = Release|Any CPU
		{1A86B760-82A4-40E3-84E9-C902C09C77FE}.Debug|Any CPU.ActiveCfg = Debug|Any CPU
		{1A86B760-82A4-40E3-84E9-C902C09C77FE}.Debug|Any CPU.Build.0 = Debug|Any CPU
		{1A86B760-82A4-40E3-84E9-C902C09C77FE}.Release|Any CPU.ActiveCfg = Release|Any CPU
		{1A86B760-82A4-40E3-84E9-C902C09C77FE}.Release|Any CPU.Build.0 = Release|Any CPU
	EndGlobalSection
	GlobalSection(SolutionProperties) = preSolution
		HideSolutionNode = FALSE
	EndGlobalSection
	GlobalSection(ExtensibilityGlobals) = postSolution
		SolutionGuid = {73BE2130-72C2-48D1-A138-84D07F97E377}
	EndGlobalSection
EndGlobal
